PODS:
  - newton-commander-browse (0.1.19):
    - newton-commander-quark
  - newton-commander-quark (0.1.10)

DEPENDENCIES:
  - newton-commander-browse (from `../newton-commander-browse.podspec`)

EXTERNAL SOURCES:
  newton-commander-browse:
    :path: ../newton-commander-browse.podspec

SPEC CHECKSUMS:
  newton-commander-browse: 0dfde57e31f658cc8395820c2eea8047d448b065
  newton-commander-quark: 5db13fe901013288175cbc0ee371bb7ea5625170

COCOAPODS: 0.29.0
