PODS:
  - newton-commander-browse (0.1.16):
    - newton-commander-quark
  - newton-commander-quark (0.1.7)

DEPENDENCIES:
  - newton-commander-browse (from `../newton-commander-browse.podspec`)

EXTERNAL SOURCES:
  newton-commander-browse:
    :path: ../newton-commander-browse.podspec

SPEC CHECKSUMS:
  newton-commander-browse: 79b41121f6d2e8805bab328953e827166728831e
  newton-commander-quark: f22b14e1af5e31dc38e04f7591e13b1d739b9644

COCOAPODS: 0.29.0
