PODS:
  - newton-commander-browse (0.1.24):
    - newton-commander-quark
  - newton-commander-quark (0.1.16)

DEPENDENCIES:
  - newton-commander-browse (from `../newton-commander-browse.podspec`)

EXTERNAL SOURCES:
  newton-commander-browse:
    :path: ../newton-commander-browse.podspec

SPEC CHECKSUMS:
  newton-commander-browse: 5bc5a40d79d459f92da43a3e7ced5b810796c435
  newton-commander-quark: c63341c774446e37d1bc9029824e6db3adc11b4e

COCOAPODS: 0.29.0
